
Microsoft Visual Studio Solution File, Format Version 12.00
# Visual Studio Version 16
VisualStudioVersion = 16.0.29920.165
MinimumVisualStudioVersion = 10.0.40219.1
Project("{FAE04EC0-301F-11D3-BF4B-00C04F79EFBC}") = "BND_Xamarin_Android", "BND_Xamarin_Android.csproj", "{776A12DC-4B8B-4EA1-8C0D-EF420B1B34CF}"
EndProject
Global
	GlobalSection(SolutionConfigurationPlatforms) = preSolution
		Debug|Any CPU = Debug|Any CPU
		Release|Any CPU = Release|Any CPU
	EndGlobalSection
	GlobalSection(ProjectConfigurationPlatforms) = postSolution
		{776A12DC-4B8B-4EA1-8C0D-EF420B1B34CF}.Debug|Any CPU.ActiveCfg = Debug|Any CPU
		{776A12DC-4B8B-4EA1-8C0D-EF420B1B34CF}.Debug|Any CPU.Build.0 = Debug|Any CPU
		{776A12DC-4B8B-4EA1-8C0D-EF420B1B34CF}.Debug|Any CPU.Deploy.0 = Debug|Any CPU
		{776A12DC-4B8B-4EA1-8C0D-EF420B1B34CF}.Release|Any CPU.ActiveCfg = Release|Any CPU
		{776A12DC-4B8B-4EA1-8C0D-EF420B1B34CF}.Release|Any CPU.Build.0 = Release|Any CPU
		{776A12DC-4B8B-4EA1-8C0D-EF420B1B34CF}.Release|Any CPU.Deploy.0 = Release|Any CPU
	EndGlobalSection
	GlobalSection(SolutionProperties) = preSolution
		HideSolutionNode = FALSE
	EndGlobalSection
	GlobalSection(ExtensibilityGlobals) = postSolution
		SolutionGuid = {93707B59-7635-440B-8DBD-04B4CC1883A7}
	EndGlobalSection
EndGlobal
